
Microsoft Visual Studio Solution File, Format Version 12.00
# Visual Studio Version 17
VisualStudioVersion = 17.14.36623.8 d17.14
MinimumVisualStudioVersion = 10.0.40219.1
Project("{FAE04EC0-301F-11D3-BF4B-00C04F79EFBC}") = "GestionEventos", "GestionEventos.csproj", "{8E6D1AE7-2EED-46F1-BF61-438F3FB4713A}"
EndProject
Global
	GlobalSection(SolutionConfigurationPlatforms) = preSolution
		Debug|Any CPU = Debug|Any CPU
		Release|Any CPU = Release|Any CPU
	EndGlobalSection
	GlobalSection(ProjectConfigurationPlatforms) = postSolution
		{8E6D1AE7-2EED-46F1-BF61-438F3FB4713A}.Debug|Any CPU.ActiveCfg = Debug|Any CPU
		{8E6D1AE7-2EED-46F1-BF61-438F3FB4713A}.Debug|Any CPU.Build.0 = Debug|Any CPU
		{8E6D1AE7-2EED-46F1-BF61-438F3FB4713A}.Release|Any CPU.ActiveCfg = Release|Any CPU
		{8E6D1AE7-2EED-46F1-BF61-438F3FB4713A}.Release|Any CPU.Build.0 = Release|Any CPU
	EndGlobalSection
	GlobalSection(SolutionProperties) = preSolution
		HideSolutionNode = FALSE
	EndGlobalSection
	GlobalSection(ExtensibilityGlobals) = postSolution
		SolutionGuid = {92972E77-86F5-48C7-A629-7D492F2E805F}
	EndGlobalSection
EndGlobal
